// !$*UTF8*$!
{
	archiveVersion = 1;
	classes = {
	};
	objectVersion = 77;
	objects = {

/* Begin PBXContainerItemProxy section */
		ADF8EF6E2DB0EE5200EA7CBA /* PBXContainerItemProxy */ = {
			isa = PBXContainerItemProxy;
			containerPortal = ADF8EF542DB0EE5000EA7CBA /* Project object */;
			proxyType = 1;
			remoteGlobalIDString = ADF8EF5B2DB0EE5000EA7CBA;
			remoteInfo = mins;
		};
		ADF8EF782DB0EE5200EA7CBA /* PBXContainerItemProxy */ = {
			isa = PBXContainerItemProxy;
			containerPortal = ADF8EF542DB0EE5000EA7CBA /* Project object */;
			proxyType = 1;
			remoteGlobalIDString = ADF8EF5B2DB0EE5000EA7CBA;
			remoteInfo = mins;
		};
/* End PBXContainerItemProxy section */

/* Begin PBXFileReference section */
		ADF8EF5C2DB0EE5000EA7CBA /* mins.app */ = {isa = PBXFileReference; explicitFileType = wrapper.application; includeInIndex = 0; path = mins.app; sourceTree = BUILT_PRODUCTS_DIR; };
		ADF8EF6D2DB0EE5200EA7CBA /* minsTests.xctest */ = {isa = PBXFileReference; explicitFileType = wrapper.cfbundle; includeInIndex = 0; path = minsTests.xctest; sourceTree = BUILT_PRODUCTS_DIR; };
		ADF8EF772DB0EE5200EA7CBA /* minsUITests.xctest */ = {isa = PBXFileReference; explicitFileType = wrapper.cfbundle; includeInIndex = 0; path = minsUITests.xctest; sourceTree = BUILT_PRODUCTS_DIR; };
/* End PBXFileReference section */

/* Begin PBXFileSystemSynchronizedRootGroup section */
		ADF8EF5E2DB0EE5000EA7CBA /* mins */ = {
			isa = PBXFileSystemSynchronizedRootGroup;
			path = mins;
			sourceTree = "<group>";
		};
		ADF8EF702DB0EE5200EA7CBA /* minsTests */ = {
			isa = PBXFileSystemSynchronizedRootGroup;
			path = minsTests;
			sourceTree = "<group>";
		};
		ADF8EF7A2DB0EE5200EA7CBA /* minsUITests */ = {
			isa = PBXFileSystemSynchronizedRootGroup;
			path = minsUITests;
			sourceTree = "<group>";
		};
/* End PBXFileSystemSynchronizedRootGroup section */

/* Begin PBXFrameworksBuildPhase section */
		ADF8EF592DB0EE5000EA7CBA /* Frameworks */ = {
			isa = PBXFrameworksBuildPhase;
			buildActionMask = 2147483647;
			files = (
			);
			runOnlyForDeploymentPostprocessing = 0;
		};
		ADF8EF6A2DB0EE5200EA7CBA /* Frameworks */ = {
			isa = PBXFrameworksBuildPhase;
			buildActionMask = 2147483647;
			files = (
			);
			runOnlyForDeploymentPostprocessing = 0;
		};
		ADF8EF742DB0EE5200EA7CBA /* Frameworks */ = {
			isa = PBXFrameworksBuildPhase;
			buildActionMask = 2147483647;
			files = (
			);
			runOnlyForDeploymentPostprocessing = 0;
		};
/* End PBXFrameworksBuildPhase section */

/* Begin PBXGroup section */
		ADF8EF532DB0EE5000EA7CBA = {
			isa = PBXGroup;
			children = (
				ADF8EF5E2DB0EE5000EA7CBA /* mins */,
				ADF8EF702DB0EE5200EA7CBA /* minsTests */,
				ADF8EF7A2DB0EE5200EA7CBA /* minsUITests */,
				ADF8EF5D2DB0EE5000EA7CBA /* Products */,
			);
			sourceTree = "<group>";
		};
		ADF8EF5D2DB0EE5000EA7CBA /* Products */ = {
			isa = PBXGroup;
			children = (
				ADF8EF5C2DB0EE5000EA7CBA /* mins.app */,
				ADF8EF6D2DB0EE5200EA7CBA /* minsTests.xctest */,
				ADF8EF772DB0EE5200EA7CBA /* minsUITests.xctest */,
			);
			name = Products;
			sourceTree = "<group>";
		};
/* End PBXGroup section */

/* Begin PBXNativeTarget section */
		ADF8EF5B2DB0EE5000EA7CBA /* mins */ = {
			isa = PBXNativeTarget;
			buildConfigurationList = ADF8EF812DB0EE5200EA7CBA /* Build configuration list for PBXNativeTarget "mins" */;
			buildPhases = (
				ADF8EF582DB0EE5000EA7CBA /* Sources */,
				ADF8EF592DB0EE5000EA7CBA /* Frameworks */,
				ADF8EF5A2DB0EE5000EA7CBA /* Resources */,
			);
			buildRules = (
			);
			dependencies = (
			);
			fileSystemSynchronizedGroups = (
				ADF8EF5E2DB0EE5000EA7CBA /* mins */,
			);
			name = mins;
			packageProductDependencies = (
			);
			productName = mins;
			productReference = ADF8EF5C2DB0EE5000EA7CBA /* mins.app */;
			productType = "com.apple.product-type.application";
		};
		ADF8EF6C2DB0EE5200EA7CBA /* minsTests */ = {
			isa = PBXNativeTarget;
			buildConfigurationList = ADF8EF842DB0EE5200EA7CBA /* Build configuration list for PBXNativeTarget "minsTests" */;
			buildPhases = (
				ADF8EF692DB0EE5200EA7CBA /* Sources */,
				ADF8EF6A2DB0EE5200EA7CBA /* Frameworks */,
				ADF8EF6B2DB0EE5200EA7CBA /* Resources */,
			);
			buildRules = (
			);
			dependencies = (
				ADF8EF6F2DB0EE5200EA7CBA /* PBXTargetDependency */,
			);
			fileSystemSynchronizedGroups = (
				ADF8EF702DB0EE5200EA7CBA /* minsTests */,
			);
			name = minsTests;
			packageProductDependencies = (
			);
			productName = minsTests;
			productReference = ADF8EF6D2DB0EE5200EA7CBA /* minsTests.xctest */;
			productType = "com.apple.product-type.bundle.unit-test";
		};
		ADF8EF762DB0EE5200EA7CBA /* minsUITests */ = {
			isa = PBXNativeTarget;
			buildConfigurationList = ADF8EF872DB0EE5200EA7CBA /* Build configuration list for PBXNativeTarget "minsUITests" */;
			buildPhases = (
				ADF8EF732DB0EE5200EA7CBA /* Sources */,
				ADF8EF742DB0EE5200EA7CBA /* Frameworks */,
				ADF8EF752DB0EE5200EA7CBA /* Resources */,
			);
			buildRules = (
			);
			dependencies = (
				ADF8EF792DB0EE5200EA7CBA /* PBXTargetDependency */,
			);
			fileSystemSynchronizedGroups = (
				ADF8EF7A2DB0EE5200EA7CBA /* minsUITests */,
			);
			name = minsUITests;
			packageProductDependencies = (
			);
			productName = minsUITests;
			productReference = ADF8EF772DB0EE5200EA7CBA /* minsUITests.xctest */;
			productType = "com.apple.product-type.bundle.ui-testing";
		};
/* End PBXNativeTarget section */

/* Begin PBXProject section */
		ADF8EF542DB0EE5000EA7CBA /* Project object */ = {
			isa = PBXProject;
			attributes = {
				BuildIndependentTargetsInParallel = 1;
				LastSwiftUpdateCheck = 1620;
				LastUpgradeCheck = 1620;
				TargetAttributes = {
					ADF8EF5B2DB0EE5000EA7CBA = {
						CreatedOnToolsVersion = 16.2;
					};
					ADF8EF6C2DB0EE5200EA7CBA = {
						CreatedOnToolsVersion = 16.2;
						TestTargetID = ADF8EF5B2DB0EE5000EA7CBA;
					};
					ADF8EF762DB0EE5200EA7CBA = {
						CreatedOnToolsVersion = 16.2;
						TestTargetID = ADF8EF5B2DB0EE5000EA7CBA;
					};
				};
			};
			buildConfigurationList = ADF8EF572DB0EE5000EA7CBA /* Build configuration list for PBXProject "mins" */;
			developmentRegion = en;
			hasScannedForEncodings = 0;
			knownRegions = (
				en,
				Base,
			);
			mainGroup = ADF8EF532DB0EE5000EA7CBA;
			minimizedProjectReferenceProxies = 1;
			preferredProjectObjectVersion = 77;
			productRefGroup = ADF8EF5D2DB0EE5000EA7CBA /* Products */;
			projectDirPath = "";
			projectRoot = "";
			targets = (
				ADF8EF5B2DB0EE5000EA7CBA /* mins */,
				ADF8EF6C2DB0EE5200EA7CBA /* minsTests */,
				ADF8EF762DB0EE5200EA7CBA /* minsUITests */,
			);
		};
/* End PBXProject section */

/* Begin PBXResourcesBuildPhase section */
		ADF8EF5A2DB0EE5000EA7CBA /* Resources */ = {
			isa = PBXResourcesBuildPhase;
			buildActionMask = 2147483647;
			files = (
			);
			runOnlyForDeploymentPostprocessing = 0;
		};
		ADF8EF6B2DB0EE5200EA7CBA /* Resources */ = {
			isa = PBXResourcesBuildPhase;
			buildActionMask = 2147483647;
			files = (
			);
			runOnlyForDeploymentPostprocessing = 0;
		};
		ADF8EF752DB0EE5200EA7CBA /* Resources */ = {
			isa = PBXResourcesBuildPhase;
			buildActionMask = 2147483647;
			files = (
			);
			runOnlyForDeploymentPostprocessing = 0;
		};
/* End PBXResourcesBuildPhase section */

/* Begin PBXSourcesBuildPhase section */
		ADF8EF582DB0EE5000EA7CBA /* Sources */ = {
			isa = PBXSourcesBuildPhase;
			buildActionMask = 2147483647;
			files = (
			);
			runOnlyForDeploymentPostprocessing = 0;
		};
		ADF8EF692DB0EE5200EA7CBA /* Sources */ = {
			isa = PBXSourcesBuildPhase;
			buildActionMask = 2147483647;
			files = (
			);
			runOnlyForDeploymentPostprocessing = 0;
		};
		ADF8EF732DB0EE5200EA7CBA /* Sources */ = {
			isa = PBXSourcesBuildPhase;
			buildActionMask = 2147483647;
			files = (
			);
			runOnlyForDeploymentPostprocessing = 0;
		};
/* End PBXSourcesBuildPhase section */

/* Begin PBXTargetDependency section */
		ADF8EF6F2DB0EE5200EA7CBA /* PBXTargetDependency */ = {
			isa = PBXTargetDependency;
			target = ADF8EF5B2DB0EE5000EA7CBA /* mins */;
			targetProxy = ADF8EF6E2DB0EE5200EA7CBA /* PBXContainerItemProxy */;
		};
		ADF8EF792DB0EE5200EA7CBA /* PBXTargetDependency */ = {
			isa = PBXTargetDependency;
			target = ADF8EF5B2DB0EE5000EA7CBA /* mins */;
			targetProxy = ADF8EF782DB0EE5200EA7CBA /* PBXContainerItemProxy */;
		};
/* End PBXTargetDependency section */

/* Begin XCBuildConfiguration section */
		ADF8EF7F2DB0EE5200EA7CBA /* Debug */ = {
			isa = XCBuildConfiguration;
			buildSettings = {
				ALWAYS_SEARCH_USER_PATHS = NO;
				ASSETCATALOG_COMPILER_GENERATE_SWIFT_ASSET_SYMBOL_EXTENSIONS = YES;
				CLANG_ANALYZER_NONNULL = YES;
				CLANG_ANALYZER_NUMBER_OBJECT_CONVERSION = YES_AGGRESSIVE;
				CLANG_CXX_LANGUAGE_STANDARD = "gnu++20";
				CLANG_ENABLE_MODULES = YES;
				CLANG_ENABLE_OBJC_ARC = YES;
				CLANG_ENABLE_OBJC_WEAK = YES;
				CLANG_WARN_BLOCK_CAPTURE_AUTORELEASING = YES;
				CLANG_WARN_BOOL_CONVERSION = YES;
				CLANG_WARN_COMMA = YES;
				CLANG_WARN_CONSTANT_CONVERSION = YES;
				CLANG_WARN_DEPRECATED_OBJC_IMPLEMENTATIONS = YES;
				CLANG_WARN_DIRECT_OBJC_ISA_USAGE = YES_ERROR;
				CLANG_WARN_DOCUMENTATION_COMMENTS = YES;
				CLANG_WARN_EMPTY_BODY = YES;
				CLANG_WARN_ENUM_CONVERSION = YES;
				CLANG_WARN_INFINITE_RECURSION = YES;
				CLANG_WARN_INT_CONVERSION = YES;
				CLANG_WARN_NON_LITERAL_NULL_CONVERSION = YES;
				CLANG_WARN_OBJC_IMPLICIT_RETAIN_SELF = YES;
				CLANG_WARN_OBJC_LITERAL_CONVERSION = YES;
				CLANG_WARN_OBJC_ROOT_CLASS = YES_ERROR;
				CLANG_WARN_QUOTED_INCLUDE_IN_FRAMEWORK_HEADER = YES;
				CLANG_WARN_RANGE_LOOP_ANALYSIS = YES;
				CLANG_WARN_STRICT_PROTOTYPES = YES;
				CLANG_WARN_SUSPICIOUS_MOVE = YES;
				CLANG_WARN_UNGUARDED_AVAILABILITY = YES_AGGRESSIVE;
				CLANG_WARN_UNREACHABLE_CODE = YES;
				CLANG_WARN__DUPLICATE_METHOD_MATCH = YES;
				COPY_PHASE_STRIP = NO;
				DEBUG_INFORMATION_FORMAT = dwarf;
				ENABLE_STRICT_OBJC_MSGSEND = YES;
				ENABLE_TESTABILITY = YES;
				ENABLE_USER_SCRIPT_SANDBOXING = YES;
				GCC_C_LANGUAGE_STANDARD = gnu17;
				GCC_DYNAMIC_NO_PIC = NO;
				GCC_NO_COMMON_BLOCKS = YES;
				GCC_OPTIMIZATION_LEVEL = 0;
				GCC_PREPROCESSOR_DEFINITIONS = (
					"DEBUG=1",
					"$(inherited)",
				);
				GCC_WARN_64_TO_32_BIT_CONVERSION = YES;
				GCC_WARN_ABOUT_RETURN_TYPE = YES_ERROR;
				GCC_WARN_UNDECLARED_SELECTOR = YES;
				GCC_WARN_UNINITIALIZED_AUTOS = YES_AGGRESSIVE;
				GCC_WARN_UNUSED_FUNCTION = YES;
				GCC_WARN_UNUSED_VARIABLE = YES;
				LOCALIZATION_PREFERS_STRING_CATALOGS = YES;
				MACOSX_DEPLOYMENT_TARGET = 15.2;
				MTL_ENABLE_DEBUG_INFO = INCLUDE_SOURCE;
				MTL_FAST_MATH = YES;
				ONLY_ACTIVE_ARCH = YES;
				SDKROOT = macosx;
				SWIFT_ACTIVE_COMPILATION_CONDITIONS = "DEBUG $(inherited)";
				SWIFT_OPTIMIZATION_LEVEL = "-Onone";
			};
			name = Debug;
		};
		ADF8EF802DB0EE5200EA7CBA /* Release */ = {
			isa = XCBuildConfiguration;
			buildSettings = {
				ALWAYS_SEARCH_USER_PATHS = NO;
				ASSETCATALOG_COMPILER_GENERATE_SWIFT_ASSET_SYMBOL_EXTENSIONS = YES;
				CLANG_ANALYZER_NONNULL = YES;
				CLANG_ANALYZER_NUMBER_OBJECT_CONVERSION = YES_AGGRESSIVE;
				CLANG_CXX_LANGUAGE_STANDARD = "gnu++20";
				CLANG_ENABLE_MODULES = YES;
				CLANG_ENABLE_OBJC_ARC = YES;
				CLANG_ENABLE_OBJC_WEAK = YES;
				CLANG_WARN_BLOCK_CAPTURE_AUTORELEASING = YES;
				CLANG_WARN_BOOL_CONVERSION = YES;
				CLANG_WARN_COMMA = YES;
				CLANG_WARN_CONSTANT_CONVERSION = YES;
				CLANG_WARN_DEPRECATED_OBJC_IMPLEMENTATIONS = YES;
				CLANG_WARN_DIRECT_OBJC_ISA_USAGE = YES_ERROR;
				CLANG_WARN_DOCUMENTATION_COMMENTS = YES;
				CLANG_WARN_EMPTY_BODY = YES;
				CLANG_WARN_ENUM_CONVERSION = YES;
				CLANG_WARN_INFINITE_RECURSION = YES;
				CLANG_WARN_INT_CONVERSION = YES;
				CLANG_WARN_NON_LITERAL_NULL_CONVERSION = YES;
				CLANG_WARN_OBJC_IMPLICIT_RETAIN_SELF = YES;
				CLANG_WARN_OBJC_LITERAL_CONVERSION = YES;
				CLANG_WARN_OBJC_ROOT_CLASS = YES_ERROR;
				CLANG_WARN_QUOTED_INCLUDE_IN_FRAMEWORK_HEADER = YES;
				CLANG_WARN_RANGE_LOOP_ANALYSIS = YES;
				CLANG_WARN_STRICT_PROTOTYPES = YES;
				CLANG_WARN_SUSPICIOUS_MOVE = YES;
				CLANG_WARN_UNGUARDED_AVAILABILITY = YES_AGGRESSIVE;
				CLANG_WARN_UNREACHABLE_CODE = YES;
				CLANG_WARN__DUPLICATE_METHOD_MATCH = YES;
				COPY_PHASE_STRIP = NO;
				DEBUG_INFORMATION_FORMAT = "dwarf-with-dsym";
				ENABLE_NS_ASSERTIONS = NO;
				ENABLE_STRICT_OBJC_MSGSEND = YES;
				ENABLE_USER_SCRIPT_SANDBOXING = YES;
				GCC_C_LANGUAGE_STANDARD = gnu17;
				GCC_NO_COMMON_BLOCKS = YES;
				GCC_WARN_64_TO_32_BIT_CONVERSION = YES;
				GCC_WARN_ABOUT_RETURN_TYPE = YES_ERROR;
				GCC_WARN_UNDECLARED_SELECTOR = YES;
				GCC_WARN_UNINITIALIZED_AUTOS = YES_AGGRESSIVE;
				GCC_WARN_UNUSED_FUNCTION = YES;
				GCC_WARN_UNUSED_VARIABLE = YES;
				LOCALIZATION_PREFERS_STRING_CATALOGS = YES;
				MACOSX_DEPLOYMENT_TARGET = 15.2;
				MTL_ENABLE_DEBUG_INFO = NO;
				MTL_FAST_MATH = YES;
				SDKROOT = macosx;
				SWIFT_COMPILATION_MODE = wholemodule;
			};
			name = Release;
		};
		ADF8EF822DB0EE5200EA7CBA /* Debug */ = {
			isa = XCBuildConfiguration;
			buildSettings = {
				ASSETCATALOG_COMPILER_APPICON_NAME = AppIcon;
				ASSETCATALOG_COMPILER_GLOBAL_ACCENT_COLOR_NAME = AccentColor;
				CODE_SIGN_ENTITLEMENTS = mins/mins.entitlements;
				CODE_SIGN_STYLE = Automatic;
				COMBINE_HIDPI_IMAGES = YES;
				CURRENT_PROJECT_VERSION = 1;
				DEVELOPMENT_ASSET_PATHS = "\"mins/Preview Content\"";
				ENABLE_PREVIEWS = YES;
				GENERATE_INFOPLIST_FILE = YES;
				INFOPLIST_KEY_NSHumanReadableCopyright = "";
				LD_RUNPATH_SEARCH_PATHS = (
					"$(inherited)",
					"@executable_path/../Frameworks",
				);
				MARKETING_VERSION = 1.0;
				PRODUCT_BUNDLE_IDENTIFIER = mins.mins;
				PRODUCT_NAME = "$(TARGET_NAME)";
				SWIFT_EMIT_LOC_STRINGS = YES;
				SWIFT_VERSION = 5.0;
			};
			name = Debug;
		};
		ADF8EF832DB0EE5200EA7CBA /* Release */ = {
			isa = XCBuildConfiguration;
			buildSettings = {
				ASSETCATALOG_COMPILER_APPICON_NAME = AppIcon;
				ASSETCATALOG_COMPILER_GLOBAL_ACCENT_COLOR_NAME = AccentColor;
				CODE_SIGN_ENTITLEMENTS = mins/mins.entitlements;
				CODE_SIGN_STYLE = Automatic;
				COMBINE_HIDPI_IMAGES = YES;
				CURRENT_PROJECT_VERSION = 1;
				DEVELOPMENT_ASSET_PATHS = "\"mins/Preview Content\"";
				ENABLE_PREVIEWS = YES;
				GENERATE_INFOPLIST_FILE = YES;
				INFOPLIST_KEY_NSHumanReadableCopyright = "";
				LD_RUNPATH_SEARCH_PATHS = (
					"$(inherited)",
					"@executable_path/../Frameworks",
				);
				MARKETING_VERSION = 1.0;
				PRODUCT_BUNDLE_IDENTIFIER = mins.mins;
				PRODUCT_NAME = "$(TARGET_NAME)";
				SWIFT_EMIT_LOC_STRINGS = YES;
				SWIFT_VERSION = 5.0;
			};
			name = Release;
		};
		ADF8EF852DB0EE5200EA7CBA /* Debug */ = {
			isa = XCBuildConfiguration;
			buildSettings = {
				BUNDLE_LOADER = "$(TEST_HOST)";
				CODE_SIGN_STYLE = Automatic;
				CURRENT_PROJECT_VERSION = 1;
				GENERATE_INFOPLIST_FILE = YES;
				MACOSX_DEPLOYMENT_TARGET = 15.2;
				MARKETING_VERSION = 1.0;
				PRODUCT_BUNDLE_IDENTIFIER = mins.minsTests;
				PRODUCT_NAME = "$(TARGET_NAME)";
				SWIFT_EMIT_LOC_STRINGS = NO;
				SWIFT_VERSION = 5.0;
				TEST_HOST = "$(BUILT_PRODUCTS_DIR)/mins.app/$(BUNDLE_EXECUTABLE_FOLDER_PATH)/mins";
			};
			name = Debug;
		};
		ADF8EF862DB0EE5200EA7CBA /* Release */ = {
			isa = XCBuildConfiguration;
			buildSettings = {
				BUNDLE_LOADER = "$(TEST_HOST)";
				CODE_SIGN_STYLE = Automatic;
				CURRENT_PROJECT_VERSION = 1;
				GENERATE_INFOPLIST_FILE = YES;
				MACOSX_DEPLOYMENT_TARGET = 15.2;
				MARKETING_VERSION = 1.0;
				PRODUCT_BUNDLE_IDENTIFIER = mins.minsTests;
				PRODUCT_NAME = "$(TARGET_NAME)";
				SWIFT_EMIT_LOC_STRINGS = NO;
				SWIFT_VERSION = 5.0;
				TEST_HOST = "$(BUILT_PRODUCTS_DIR)/mins.app/$(BUNDLE_EXECUTABLE_FOLDER_PATH)/mins";
			};
			name = Release;
		};
		ADF8EF882DB0EE5200EA7CBA /* Debug */ = {
			isa = XCBuildConfiguration;
			buildSettings = {
				CODE_SIGN_STYLE = Automatic;
				CURRENT_PROJECT_VERSION = 1;
				GENERATE_INFOPLIST_FILE = YES;
				MARKETING_VERSION = 1.0;
				PRODUCT_BUNDLE_IDENTIFIER = mins.minsUITests;
				PRODUCT_NAME = "$(TARGET_NAME)";
				SWIFT_EMIT_LOC_STRINGS = NO;
				SWIFT_VERSION = 5.0;
				TEST_TARGET_NAME = mins;
			};
			name = Debug;
		};
		ADF8EF892DB0EE5200EA7CBA /* Release */ = {
			isa = XCBuildConfiguration;
			buildSettings = {
				CODE_SIGN_STYLE = Automatic;
				CURRENT_PROJECT_VERSION = 1;
				GENERATE_INFOPLIST_FILE = YES;
				MARKETING_VERSION = 1.0;
				PRODUCT_BUNDLE_IDENTIFIER = mins.minsUITests;
				PRODUCT_NAME = "$(TARGET_NAME)";
				SWIFT_EMIT_LOC_STRINGS = NO;
				SWIFT_VERSION = 5.0;
				TEST_TARGET_NAME = mins;
			};
			name = Release;
		};
/* End XCBuildConfiguration section */

/* Begin XCConfigurationList section */
		ADF8EF572DB0EE5000EA7CBA /* Build configuration list for PBXProject "mins" */ = {
			isa = XCConfigurationList;
			buildConfigurations = (
				ADF8EF7F2DB0EE5200EA7CBA /* Debug */,
				ADF8EF802DB0EE5200EA7CBA /* Release */,
			);
			defaultConfigurationIsVisible = 0;
			defaultConfigurationName = Release;
		};
		ADF8EF812DB0EE5200EA7CBA /* Build configuration list for PBXNativeTarget "mins" */ = {
			isa = XCConfigurationList;
			buildConfigurations = (
				ADF8EF822DB0EE5200EA7CBA /* Debug */,
				ADF8EF832DB0EE5200EA7CBA /* Release */,
			);
			defaultConfigurationIsVisible = 0;
			defaultConfigurationName = Release;
		};
		ADF8EF842DB0EE5200EA7CBA /* Build configuration list for PBXNativeTarget "minsTests" */ = {
			isa = XCConfigurationList;
			buildConfigurations = (
				ADF8EF852DB0EE5200EA7CBA /* Debug */,
				ADF8EF862DB0EE5200EA7CBA /* Release */,
			);
			defaultConfigurationIsVisible = 0;
			defaultConfigurationName = Release;
		};
		ADF8EF872DB0EE5200EA7CBA /* Build configuration list for PBXNativeTarget "minsUITests" */ = {
			isa = XCConfigurationList;
			buildConfigurations = (
				ADF8EF882DB0EE5200EA7CBA /* Debug */,
				ADF8EF892DB0EE5200EA7CBA /* Release */,
			);
			defaultConfigurationIsVisible = 0;
			defaultConfigurationName = Release;
		};
/* End XCConfigurationList section */
	};
	rootObject = ADF8EF542DB0EE5000EA7CBA /* Project object */;
}
